// !$*UTF8*$!
{
	archiveVersion = 1;
	classes = {
	};
	objectVersion = 50;
	objects = {

/* Begin PBXBuildFile section */
		0D35E09726D0A3DD00E6E587 /* MockProductsTest.swift in Sources */ = {isa = PBXBuildFile; fileRef = 0D35E09626D0A3DD00E6E587 /* MockProductsTest.swift */; };
		0DA557BD24D9F9E600DB518A /* AppDelegate.swift in Sources */ = {isa = PBXBuildFile; fileRef = 0DA557BC24D9F9E600DB518A /* AppDelegate.swift */; };
		0DA557BF24D9F9E600DB518A /* SceneDelegate.swift in Sources */ = {isa = PBXBuildFile; fileRef = 0DA557BE24D9F9E600DB518A /* SceneDelegate.swift */; };
		0DA557C124D9F9E600DB518A /* SearchView.swift in Sources */ = {isa = PBXBuildFile; fileRef = 0DA557C024D9F9E600DB518A /* SearchView.swift */; };
		0DA557C324D9F9E600DB518A /* Assets.xcassets in Resources */ = {isa = PBXBuildFile; fileRef = 0DA557C224D9F9E600DB518A /* Assets.xcassets */; };
		0DA557C624D9F9E600DB518A /* Preview Assets.xcassets in Resources */ = {isa = PBXBuildFile; fileRef = 0DA557C524D9F9E600DB518A /* Preview Assets.xcassets */; };
		0DA557C924D9F9E600DB518A /* LaunchScreen.storyboard in Resources */ = {isa = PBXBuildFile; fileRef = 0DA557C724D9F9E600DB518A /* LaunchScreen.storyboard */; };
		0DA557D424D9F9E700DB518A /* MercadoLibreAppTests01.swift in Sources */ = {isa = PBXBuildFile; fileRef = 0DA557D324D9F9E700DB518A /* MercadoLibreAppTests01.swift */; };
		0DA557DF24D9F9E700DB518A /* MercadoLibreAppUITests.swift in Sources */ = {isa = PBXBuildFile; fileRef = 0DA557DE24D9F9E700DB518A /* MercadoLibreAppUITests.swift */; };
		0DA7863726CDBA38005F90E3 /* Localizable.strings in Resources */ = {isa = PBXBuildFile; fileRef = 0DA7863926CDBA38005F90E3 /* Localizable.strings */; };
		0DA7863D26CDBBD4005F90E3 /* Localizator.swift in Sources */ = {isa = PBXBuildFile; fileRef = 0DA7863C26CDBBD4005F90E3 /* Localizator.swift */; };
		0DA7864126CDC7E1005F90E3 /* CellView.swift in Sources */ = {isa = PBXBuildFile; fileRef = 0DA7864026CDC7E1005F90E3 /* CellView.swift */; };
		0DA7864C26CDE9B0005F90E3 /* SearchViewModel.swift in Sources */ = {isa = PBXBuildFile; fileRef = 0DA7864B26CDE9B0005F90E3 /* SearchViewModel.swift */; };
		0DA7864E26CE048C005F90E3 /* SearchViewModelProtocol.swift in Sources */ = {isa = PBXBuildFile; fileRef = 0DA7864D26CE048C005F90E3 /* SearchViewModelProtocol.swift */; };
		0DA7865126CE0FDA005F90E3 /* SearchPresenter.swift in Sources */ = {isa = PBXBuildFile; fileRef = 0DA7865026CE0FDA005F90E3 /* SearchPresenter.swift */; };
		0DA7865326CE115B005F90E3 /* SearchPresenterFactory.swift in Sources */ = {isa = PBXBuildFile; fileRef = 0DA7865226CE115B005F90E3 /* SearchPresenterFactory.swift */; };
		0DA7865A26CEFFC9005F90E3 /* ListPresenter.swift in Sources */ = {isa = PBXBuildFile; fileRef = 0DA7865926CEFFC9005F90E3 /* ListPresenter.swift */; };
		0DA7865C26CF0058005F90E3 /* ListPresenterFactory.swift in Sources */ = {isa = PBXBuildFile; fileRef = 0DA7865B26CF0058005F90E3 /* ListPresenterFactory.swift */; };
		0DA7866026CF0427005F90E3 /* ProductSearchUseCase.swift in Sources */ = {isa = PBXBuildFile; fileRef = 0DA7865F26CF0427005F90E3 /* ProductSearchUseCase.swift */; };
		0DA7866226CF0464005F90E3 /* ProductSearchUseCaseProtocol.swift in Sources */ = {isa = PBXBuildFile; fileRef = 0DA7866126CF0464005F90E3 /* ProductSearchUseCaseProtocol.swift */; };
		0DA7866526CF507B005F90E3 /* MercadoLibreWorkerProtocol.swift in Sources */ = {isa = PBXBuildFile; fileRef = 0DA7866426CF507B005F90E3 /* MercadoLibreWorkerProtocol.swift */; };
		0DA7866726CF50C2005F90E3 /* DownloadImageWorkerProtocol.swift in Sources */ = {isa = PBXBuildFile; fileRef = 0DA7866626CF50C2005F90E3 /* DownloadImageWorkerProtocol.swift */; };
		0DC1A1DE24DA0B5700537540 /* ListView.swift in Sources */ = {isa = PBXBuildFile; fileRef = 0DC1A1DD24DA0B5700537540 /* ListView.swift */; };
		0DC1A1E124DA0D5000537540 /* DetailsView.swift in Sources */ = {isa = PBXBuildFile; fileRef = 0DC1A1E024DA0D5000537540 /* DetailsView.swift */; };
		0DC1A1E424DA136000537540 /* MercadoLibreWorker.swift in Sources */ = {isa = PBXBuildFile; fileRef = 0DC1A1E324DA136000537540 /* MercadoLibreWorker.swift */; };
		0DC1A1E724DA144E00537540 /* Product.swift in Sources */ = {isa = PBXBuildFile; fileRef = 0DC1A1E624DA144E00537540 /* Product.swift */; };
		0DC1A1EA24DA166800537540 /* MercadoLibreURLWorker.swift in Sources */ = {isa = PBXBuildFile; fileRef = 0DC1A1E924DA166800537540 /* MercadoLibreURLWorker.swift */; };
		0DC1A1EF24DA1B5000537540 /* SetupRequestWorker.swift in Sources */ = {isa = PBXBuildFile; fileRef = 0DC1A1EE24DA1B5000537540 /* SetupRequestWorker.swift */; };
		0DC1A1F224DA1BDA00537540 /* URLSessionExtensions.swift in Sources */ = {isa = PBXBuildFile; fileRef = 0DC1A1F124DA1BDA00537540 /* URLSessionExtensions.swift */; };
		0DC1A1F424DA1C0200537540 /* URLSessionDataTaskExtensions.swift in Sources */ = {isa = PBXBuildFile; fileRef = 0DC1A1F324DA1C0200537540 /* URLSessionDataTaskExtensions.swift */; };
		0DC1A1F624DA2FC100537540 /* DownloadImageWorker.swift in Sources */ = {isa = PBXBuildFile; fileRef = 0DC1A1F524DA2FC100537540 /* DownloadImageWorker.swift */; };
		0DC1A1FE24DA5DA400537540 /* URLSessionMock.swift in Sources */ = {isa = PBXBuildFile; fileRef = 0DC1A1FD24DA5DA400537540 /* URLSessionMock.swift */; };
		0DC1A20024DA5E4B00537540 /* URLSessionDataTaskMock.swift in Sources */ = {isa = PBXBuildFile; fileRef = 0DC1A1FF24DA5E4B00537540 /* URLSessionDataTaskMock.swift */; };
		0DEB0A5224DB033D00589111 /* StringExtensions.swift in Sources */ = {isa = PBXBuildFile; fileRef = 0DEB0A5124DB033D00589111 /* StringExtensions.swift */; };
		0DEB0A5424DB1BD200589111 /* CheckInternet.swift in Sources */ = {isa = PBXBuildFile; fileRef = 0DEB0A5324DB1BD200589111 /* CheckInternet.swift */; };
		671F6FDD01897C83AC1B730F /* Pods_MercadoLibreApp.framework in Frameworks */ = {isa = PBXBuildFile; fileRef = ABDE8EE5A1D3C3DF8207AC77 /* Pods_MercadoLibreApp.framework */; };
		A1152DD7E3ADC8391CE38E24 /* Pods_MercadoLibreApp_MercadoLibreAppUITests.framework in Frameworks */ = {isa = PBXBuildFile; fileRef = 19FA6021E34ED94E738CD1DF /* Pods_MercadoLibreApp_MercadoLibreAppUITests.framework */; };
		DA3E6DC42440E294E74FBC82 /* Pods_MercadoLibreAppTests.framework in Frameworks */ = {isa = PBXBuildFile; fileRef = 1350D5BD2199E621D27A49A2 /* Pods_MercadoLibreAppTests.framework */; };
/* End PBXBuildFile section */

/* Begin PBXContainerItemProxy section */
		0DA557D024D9F9E700DB518A /* PBXContainerItemProxy */ = {
			isa = PBXContainerItemProxy;
			containerPortal = 0DA557B124D9F9E500DB518A /* Project object */;
			proxyType = 1;
			remoteGlobalIDString = 0DA557B824D9F9E500DB518A;
			remoteInfo = MercadoLibreApp;
		};
		0DA557DB24D9F9E700DB518A /* PBXContainerItemProxy */ = {
			isa = PBXContainerItemProxy;
			containerPortal = 0DA557B124D9F9E500DB518A /* Project object */;
			proxyType = 1;
			remoteGlobalIDString = 0DA557B824D9F9E500DB518A;
			remoteInfo = MercadoLibreApp;
		};
/* End PBXContainerItemProxy section */

/* Begin PBXFileReference section */
		0D35E09626D0A3DD00E6E587 /* MockProductsTest.swift */ = {isa = PBXFileReference; lastKnownFileType = sourcecode.swift; path = MockProductsTest.swift; sourceTree = "<group>"; };
		0DA557B924D9F9E600DB518A /* MercadoLibreApp.app */ = {isa = PBXFileReference; explicitFileType = wrapper.application; includeInIndex = 0; path = MercadoLibreApp.app; sourceTree = BUILT_PRODUCTS_DIR; };
		0DA557BC24D9F9E600DB518A /* AppDelegate.swift */ = {isa = PBXFileReference; lastKnownFileType = sourcecode.swift; path = AppDelegate.swift; sourceTree = "<group>"; };
		0DA557BE24D9F9E600DB518A /* SceneDelegate.swift */ = {isa = PBXFileReference; lastKnownFileType = sourcecode.swift; path = SceneDelegate.swift; sourceTree = "<group>"; };
		0DA557C024D9F9E600DB518A /* SearchView.swift */ = {isa = PBXFileReference; lastKnownFileType = sourcecode.swift; path = SearchView.swift; sourceTree = "<group>"; };
		0DA557C224D9F9E600DB518A /* Assets.xcassets */ = {isa = PBXFileReference; lastKnownFileType = folder.assetcatalog; path = Assets.xcassets; sourceTree = "<group>"; };
		0DA557C524D9F9E600DB518A /* Preview Assets.xcassets */ = {isa = PBXFileReference; lastKnownFileType = folder.assetcatalog; path = "Preview Assets.xcassets"; sourceTree = "<group>"; };
		0DA557C824D9F9E600DB518A /* Base */ = {isa = PBXFileReference; lastKnownFileType = file.storyboard; name = Base; path = Base.lproj/LaunchScreen.storyboard; sourceTree = "<group>"; };
		0DA557CA24D9F9E600DB518A /* Info.plist */ = {isa = PBXFileReference; lastKnownFileType = text.plist.xml; path = Info.plist; sourceTree = "<group>"; };
		0DA557CF24D9F9E700DB518A /* MercadoLibreAppTests.xctest */ = {isa = PBXFileReference; explicitFileType = wrapper.cfbundle; includeInIndex = 0; path = MercadoLibreAppTests.xctest; sourceTree = BUILT_PRODUCTS_DIR; };
		0DA557D324D9F9E700DB518A /* MercadoLibreAppTests01.swift */ = {isa = PBXFileReference; lastKnownFileType = sourcecode.swift; path = MercadoLibreAppTests01.swift; sourceTree = "<group>"; };
		0DA557D524D9F9E700DB518A /* Info.plist */ = {isa = PBXFileReference; lastKnownFileType = text.plist.xml; path = Info.plist; sourceTree = "<group>"; };
		0DA557DA24D9F9E700DB518A /* MercadoLibreAppUITests.xctest */ = {isa = PBXFileReference; explicitFileType = wrapper.cfbundle; includeInIndex = 0; path = MercadoLibreAppUITests.xctest; sourceTree = BUILT_PRODUCTS_DIR; };
		0DA557DE24D9F9E700DB518A /* MercadoLibreAppUITests.swift */ = {isa = PBXFileReference; lastKnownFileType = sourcecode.swift; path = MercadoLibreAppUITests.swift; sourceTree = "<group>"; };
		0DA557E024D9F9E700DB518A /* Info.plist */ = {isa = PBXFileReference; lastKnownFileType = text.plist.xml; path = Info.plist; sourceTree = "<group>"; };
		0DA7863826CDBA38005F90E3 /* en */ = {isa = PBXFileReference; lastKnownFileType = text.plist.strings; name = en; path = en.lproj/Localizable.strings; sourceTree = "<group>"; };
		0DA7863C26CDBBD4005F90E3 /* Localizator.swift */ = {isa = PBXFileReference; lastKnownFileType = sourcecode.swift; path = Localizator.swift; sourceTree = "<group>"; };
		0DA7863F26CDBD1B005F90E3 /* es-419 */ = {isa = PBXFileReference; lastKnownFileType = text.plist.strings; name = "es-419"; path = "es-419.lproj/Localizable.strings"; sourceTree = "<group>"; };
		0DA7864026CDC7E1005F90E3 /* CellView.swift */ = {isa = PBXFileReference; lastKnownFileType = sourcecode.swift; path = CellView.swift; sourceTree = "<group>"; };
		0DA7864B26CDE9B0005F90E3 /* SearchViewModel.swift */ = {isa = PBXFileReference; lastKnownFileType = sourcecode.swift; path = SearchViewModel.swift; sourceTree = "<group>"; };
		0DA7864D26CE048C005F90E3 /* SearchViewModelProtocol.swift */ = {isa = PBXFileReference; lastKnownFileType = sourcecode.swift; path = SearchViewModelProtocol.swift; sourceTree = "<group>"; };
		0DA7865026CE0FDA005F90E3 /* SearchPresenter.swift */ = {isa = PBXFileReference; lastKnownFileType = sourcecode.swift; path = SearchPresenter.swift; sourceTree = "<group>"; };
		0DA7865226CE115B005F90E3 /* SearchPresenterFactory.swift */ = {isa = PBXFileReference; lastKnownFileType = sourcecode.swift; path = SearchPresenterFactory.swift; sourceTree = "<group>"; };
		0DA7865926CEFFC9005F90E3 /* ListPresenter.swift */ = {isa = PBXFileReference; lastKnownFileType = sourcecode.swift; path = ListPresenter.swift; sourceTree = "<group>"; };
		0DA7865B26CF0058005F90E3 /* ListPresenterFactory.swift */ = {isa = PBXFileReference; lastKnownFileType = sourcecode.swift; path = ListPresenterFactory.swift; sourceTree = "<group>"; };
		0DA7865F26CF0427005F90E3 /* ProductSearchUseCase.swift */ = {isa = PBXFileReference; lastKnownFileType = sourcecode.swift; path = ProductSearchUseCase.swift; sourceTree = "<group>"; };
		0DA7866126CF0464005F90E3 /* ProductSearchUseCaseProtocol.swift */ = {isa = PBXFileReference; lastKnownFileType = sourcecode.swift; path = ProductSearchUseCaseProtocol.swift; sourceTree = "<group>"; };
		0DA7866426CF507B005F90E3 /* MercadoLibreWorkerProtocol.swift */ = {isa = PBXFileReference; lastKnownFileType = sourcecode.swift; path = MercadoLibreWorkerProtocol.swift; sourceTree = "<group>"; };
		0DA7866626CF50C2005F90E3 /* DownloadImageWorkerProtocol.swift */ = {isa = PBXFileReference; lastKnownFileType = sourcecode.swift; path = DownloadImageWorkerProtocol.swift; sourceTree = "<group>"; };
		0DC1A1DD24DA0B5700537540 /* ListView.swift */ = {isa = PBXFileReference; lastKnownFileType = sourcecode.swift; path = ListView.swift; sourceTree = "<group>"; };
		0DC1A1E024DA0D5000537540 /* DetailsView.swift */ = {isa = PBXFileReference; lastKnownFileType = sourcecode.swift; path = DetailsView.swift; sourceTree = "<group>"; };
		0DC1A1E324DA136000537540 /* MercadoLibreWorker.swift */ = {isa = PBXFileReference; lastKnownFileType = sourcecode.swift; path = MercadoLibreWorker.swift; sourceTree = "<group>"; };
		0DC1A1E624DA144E00537540 /* Product.swift */ = {isa = PBXFileReference; lastKnownFileType = sourcecode.swift; path = Product.swift; sourceTree = "<group>"; };
		0DC1A1E924DA166800537540 /* MercadoLibreURLWorker.swift */ = {isa = PBXFileReference; lastKnownFileType = sourcecode.swift; path = MercadoLibreURLWorker.swift; sourceTree = "<group>"; };
		0DC1A1EC24DA187800537540 /* Release.xcconfig */ = {isa = PBXFileReference; lastKnownFileType = text.xcconfig; path = Release.xcconfig; sourceTree = "<group>"; };
		0DC1A1EE24DA1B5000537540 /* SetupRequestWorker.swift */ = {isa = PBXFileReference; lastKnownFileType = sourcecode.swift; path = SetupRequestWorker.swift; sourceTree = "<group>"; };
		0DC1A1F124DA1BDA00537540 /* URLSessionExtensions.swift */ = {isa = PBXFileReference; lastKnownFileType = sourcecode.swift; path = URLSessionExtensions.swift; sourceTree = "<group>"; };
		0DC1A1F324DA1C0200537540 /* URLSessionDataTaskExtensions.swift */ = {isa = PBXFileReference; lastKnownFileType = sourcecode.swift; path = URLSessionDataTaskExtensions.swift; sourceTree = "<group>"; };
		0DC1A1F524DA2FC100537540 /* DownloadImageWorker.swift */ = {isa = PBXFileReference; lastKnownFileType = sourcecode.swift; path = DownloadImageWorker.swift; sourceTree = "<group>"; };
		0DC1A1FD24DA5DA400537540 /* URLSessionMock.swift */ = {isa = PBXFileReference; lastKnownFileType = sourcecode.swift; path = URLSessionMock.swift; sourceTree = "<group>"; };
		0DC1A1FF24DA5E4B00537540 /* URLSessionDataTaskMock.swift */ = {isa = PBXFileReference; lastKnownFileType = sourcecode.swift; path = URLSessionDataTaskMock.swift; sourceTree = "<group>"; };
		0DEB0A5124DB033D00589111 /* StringExtensions.swift */ = {isa = PBXFileReference; lastKnownFileType = sourcecode.swift; path = StringExtensions.swift; sourceTree = "<group>"; };
		0DEB0A5324DB1BD200589111 /* CheckInternet.swift */ = {isa = PBXFileReference; lastKnownFileType = sourcecode.swift; path = CheckInternet.swift; sourceTree = "<group>"; };
		1350D5BD2199E621D27A49A2 /* Pods_MercadoLibreAppTests.framework */ = {isa = PBXFileReference; explicitFileType = wrapper.framework; includeInIndex = 0; path = Pods_MercadoLibreAppTests.framework; sourceTree = BUILT_PRODUCTS_DIR; };
		19FA6021E34ED94E738CD1DF /* Pods_MercadoLibreApp_MercadoLibreAppUITests.framework */ = {isa = PBXFileReference; explicitFileType = wrapper.framework; includeInIndex = 0; path = Pods_MercadoLibreApp_MercadoLibreAppUITests.framework; sourceTree = BUILT_PRODUCTS_DIR; };
		331C9AD27504D66118ED1948 /* Pods-MercadoLibreApp.release.xcconfig */ = {isa = PBXFileReference; includeInIndex = 1; lastKnownFileType = text.xcconfig; name = "Pods-MercadoLibreApp.release.xcconfig"; path = "Target Support Files/Pods-MercadoLibreApp/Pods-MercadoLibreApp.release.xcconfig"; sourceTree = "<group>"; };
		3C7EE8B2094A4A45D330110E /* Pods-MercadoLibreApp.debug.xcconfig */ = {isa = PBXFileReference; includeInIndex = 1; lastKnownFileType = text.xcconfig; name = "Pods-MercadoLibreApp.debug.xcconfig"; path = "Target Support Files/Pods-MercadoLibreApp/Pods-MercadoLibreApp.debug.xcconfig"; sourceTree = "<group>"; };
		6D1FAA13D4A9CFB13A659AB0 /* Pods-MercadoLibreAppTests.release.xcconfig */ = {isa = PBXFileReference; includeInIndex = 1; lastKnownFileType = text.xcconfig; name = "Pods-MercadoLibreAppTests.release.xcconfig"; path = "Target Support Files/Pods-MercadoLibreAppTests/Pods-MercadoLibreAppTests.release.xcconfig"; sourceTree = "<group>"; };
		83BA67CBFBE650BBFCF44BBA /* Pods-MercadoLibreApp-MercadoLibreAppUITests.release.xcconfig */ = {isa = PBXFileReference; includeInIndex = 1; lastKnownFileType = text.xcconfig; name = "Pods-MercadoLibreApp-MercadoLibreAppUITests.release.xcconfig"; path = "Target Support Files/Pods-MercadoLibreApp-MercadoLibreAppUITests/Pods-MercadoLibreApp-MercadoLibreAppUITests.release.xcconfig"; sourceTree = "<group>"; };
		A4882CB77895BD45021F80B4 /* Pods-MercadoLibreAppTests.debug.xcconfig */ = {isa = PBXFileReference; includeInIndex = 1; lastKnownFileType = text.xcconfig; name = "Pods-MercadoLibreAppTests.debug.xcconfig"; path = "Target Support Files/Pods-MercadoLibreAppTests/Pods-MercadoLibreAppTests.debug.xcconfig"; sourceTree = "<group>"; };
		ABDE8EE5A1D3C3DF8207AC77 /* Pods_MercadoLibreApp.framework */ = {isa = PBXFileReference; explicitFileType = wrapper.framework; includeInIndex = 0; path = Pods_MercadoLibreApp.framework; sourceTree = BUILT_PRODUCTS_DIR; };
		F76D5949CF0503E496C5998F /* Pods-MercadoLibreApp-MercadoLibreAppUITests.debug.xcconfig */ = {isa = PBXFileReference; includeInIndex = 1; lastKnownFileType = text.xcconfig; name = "Pods-MercadoLibreApp-MercadoLibreAppUITests.debug.xcconfig"; path = "Target Support Files/Pods-MercadoLibreApp-MercadoLibreAppUITests/Pods-MercadoLibreApp-MercadoLibreAppUITests.debug.xcconfig"; sourceTree = "<group>"; };
/* End PBXFileReference section */

/* Begin PBXFrameworksBuildPhase section */
		0DA557B624D9F9E500DB518A /* Frameworks */ = {
			isa = PBXFrameworksBuildPhase;
			buildActionMask = 2147483647;
			files = (
				671F6FDD01897C83AC1B730F /* Pods_MercadoLibreApp.framework in Frameworks */,
			);
			runOnlyForDeploymentPostprocessing = 0;
		};
		0DA557CC24D9F9E700DB518A /* Frameworks */ = {
			isa = PBXFrameworksBuildPhase;
			buildActionMask = 2147483647;
			files = (
				DA3E6DC42440E294E74FBC82 /* Pods_MercadoLibreAppTests.framework in Frameworks */,
			);
			runOnlyForDeploymentPostprocessing = 0;
		};
		0DA557D724D9F9E700DB518A /* Frameworks */ = {
			isa = PBXFrameworksBuildPhase;
			buildActionMask = 2147483647;
			files = (
				A1152DD7E3ADC8391CE38E24 /* Pods_MercadoLibreApp_MercadoLibreAppUITests.framework in Frameworks */,
			);
			runOnlyForDeploymentPostprocessing = 0;
		};
/* End PBXFrameworksBuildPhase section */

/* Begin PBXGroup section */
		0D35E09526D0A3C200E6E587 /* Test */ = {
			isa = PBXGroup;
			children = (
				0D35E09626D0A3DD00E6E587 /* MockProductsTest.swift */,
			);
			path = Test;
			sourceTree = "<group>";
		};
		0DA557B024D9F9E500DB518A = {
			isa = PBXGroup;
			children = (
				0DA557BB24D9F9E600DB518A /* MercadoLibreApp */,
				0DA557D224D9F9E700DB518A /* MercadoLibreAppTests */,
				0DA557DD24D9F9E700DB518A /* MercadoLibreAppUITests */,
				0DA557BA24D9F9E600DB518A /* Products */,
				58382DFDDAC06E0A3D794EEE /* Pods */,
				F912C125A1872A5D7C0B8E33 /* Frameworks */,
			);
			sourceTree = "<group>";
		};
		0DA557BA24D9F9E600DB518A /* Products */ = {
			isa = PBXGroup;
			children = (
				0DA557B924D9F9E600DB518A /* MercadoLibreApp.app */,
				0DA557CF24D9F9E700DB518A /* MercadoLibreAppTests.xctest */,
				0DA557DA24D9F9E700DB518A /* MercadoLibreAppUITests.xctest */,
			);
			name = Products;
			sourceTree = "<group>";
		};
		0DA557BB24D9F9E600DB518A /* MercadoLibreApp */ = {
			isa = PBXGroup;
			children = (
				0DA557CA24D9F9E600DB518A /* Info.plist */,
				0DA557BC24D9F9E600DB518A /* AppDelegate.swift */,
				0DA557BE24D9F9E600DB518A /* SceneDelegate.swift */,
				0DC1A1EC24DA187800537540 /* Release.xcconfig */,
				0DA557C724D9F9E600DB518A /* LaunchScreen.storyboard */,
				0DC1A1E524DA142B00537540 /* Model */,
				0DA557C424D9F9E600DB518A /* Preview Content */,
				0DA7863426CDB9E3005F90E3 /* Resources */,
				0DC1A1DA24DA0B1C00537540 /* Scenes */,
				0DA7865E26CF03EB005F90E3 /* UseCases */,
				0DC1A1F024DA1BD100537540 /* Util */,
				0DA7864A26CDE972005F90E3 /* ViewModel */,
				0DC1A1E224DA133300537540 /* Worker */,
			);
			path = MercadoLibreApp;
			sourceTree = "<group>";
		};
		0DA557C424D9F9E600DB518A /* Preview Content */ = {
			isa = PBXGroup;
			children = (
				0DA557C524D9F9E600DB518A /* Preview Assets.xcassets */,
			);
			path = "Preview Content";
			sourceTree = "<group>";
		};
		0DA557D224D9F9E700DB518A /* MercadoLibreAppTests */ = {
			isa = PBXGroup;
			children = (
				0DA557D324D9F9E700DB518A /* MercadoLibreAppTests01.swift */,
				0DA557D524D9F9E700DB518A /* Info.plist */,
			);
			path = MercadoLibreAppTests;
			sourceTree = "<group>";
		};
		0DA557DD24D9F9E700DB518A /* MercadoLibreAppUITests */ = {
			isa = PBXGroup;
			children = (
				0DA557DE24D9F9E700DB518A /* MercadoLibreAppUITests.swift */,
				0DA557E024D9F9E700DB518A /* Info.plist */,
			);
			path = MercadoLibreAppUITests;
			sourceTree = "<group>";
		};
		0DA7863426CDB9E3005F90E3 /* Resources */ = {
			isa = PBXGroup;
			children = (
				0DA557C224D9F9E600DB518A /* Assets.xcassets */,
				0DA7863926CDBA38005F90E3 /* Localizable.strings */,
			);
			path = Resources;
			sourceTree = "<group>";
		};
		0DA7864826CDE960005F90E3 /* View */ = {
			isa = PBXGroup;
			children = (
				0DA557C024D9F9E600DB518A /* SearchView.swift */,
			);
			path = View;
			sourceTree = "<group>";
		};
		0DA7864A26CDE972005F90E3 /* ViewModel */ = {
			isa = PBXGroup;
			children = (
				0DA7864B26CDE9B0005F90E3 /* SearchViewModel.swift */,
				0DA7864D26CE048C005F90E3 /* SearchViewModelProtocol.swift */,
			);
			path = ViewModel;
			sourceTree = "<group>";
		};
		0DA7864F26CE0FB4005F90E3 /* Presenter */ = {
			isa = PBXGroup;
			children = (
				0DA7865026CE0FDA005F90E3 /* SearchPresenter.swift */,
				0DA7865226CE115B005F90E3 /* SearchPresenterFactory.swift */,
			);
			path = Presenter;
			sourceTree = "<group>";
		};
		0DA7865426CEEF6C005F90E3 /* View */ = {
			isa = PBXGroup;
			children = (
				0DC1A1DD24DA0B5700537540 /* ListView.swift */,
				0DA7865D26CF0118005F90E3 /* SubView */,
			);
			path = View;
			sourceTree = "<group>";
		};
		0DA7865826CEFFBB005F90E3 /* Presenter */ = {
			isa = PBXGroup;
			children = (
				0DA7865926CEFFC9005F90E3 /* ListPresenter.swift */,
				0DA7865B26CF0058005F90E3 /* ListPresenterFactory.swift */,
			);
			path = Presenter;
			sourceTree = "<group>";
		};
		0DA7865D26CF0118005F90E3 /* SubView */ = {
			isa = PBXGroup;
			children = (
				0DA7864026CDC7E1005F90E3 /* CellView.swift */,
			);
			path = SubView;
			sourceTree = "<group>";
		};
		0DA7865E26CF03EB005F90E3 /* UseCases */ = {
			isa = PBXGroup;
			children = (
				0DA7865F26CF0427005F90E3 /* ProductSearchUseCase.swift */,
				0DA7866126CF0464005F90E3 /* ProductSearchUseCaseProtocol.swift */,
			);
			path = UseCases;
			sourceTree = "<group>";
		};
		0DA7866326CF5010005F90E3 /* View */ = {
			isa = PBXGroup;
			children = (
				0DC1A1E024DA0D5000537540 /* DetailsView.swift */,
			);
			path = View;
			sourceTree = "<group>";
		};
		0DC1A1DA24DA0B1C00537540 /* Scenes */ = {
			isa = PBXGroup;
			children = (
				0DC1A1DF24DA0D3C00537540 /* Details */,
				0DC1A1DC24DA0B4100537540 /* List */,
				0DC1A1DB24DA0B2800537540 /* Search */,
			);
			path = Scenes;
			sourceTree = "<group>";
		};
		0DC1A1DB24DA0B2800537540 /* Search */ = {
			isa = PBXGroup;
			children = (
				0DA7864F26CE0FB4005F90E3 /* Presenter */,
				0DA7864826CDE960005F90E3 /* View */,
			);
			path = Search;
			sourceTree = "<group>";
		};
		0DC1A1DC24DA0B4100537540 /* List */ = {
			isa = PBXGroup;
			children = (
				0DA7865826CEFFBB005F90E3 /* Presenter */,
				0DA7865426CEEF6C005F90E3 /* View */,
			);
			path = List;
			sourceTree = "<group>";
		};
		0DC1A1DF24DA0D3C00537540 /* Details */ = {
			isa = PBXGroup;
			children = (
				0DA7866326CF5010005F90E3 /* View */,
			);
			path = Details;
			sourceTree = "<group>";
		};
		0DC1A1E224DA133300537540 /* Worker */ = {
			isa = PBXGroup;
			children = (
				0DC1A1F524DA2FC100537540 /* DownloadImageWorker.swift */,
				0DA7866626CF50C2005F90E3 /* DownloadImageWorkerProtocol.swift */,
				0DC1A1E324DA136000537540 /* MercadoLibreWorker.swift */,
				0DA7866426CF507B005F90E3 /* MercadoLibreWorkerProtocol.swift */,
				0DC1A1ED24DA1AF300537540 /* SetupRequest */,
				0DC1A1E824DA162900537540 /* URL Handler */,
			);
			path = Worker;
			sourceTree = "<group>";
		};
		0DC1A1E524DA142B00537540 /* Model */ = {
			isa = PBXGroup;
			children = (
				0DC1A1E624DA144E00537540 /* Product.swift */,
			);
			path = Model;
			sourceTree = "<group>";
		};
		0DC1A1E824DA162900537540 /* URL Handler */ = {
			isa = PBXGroup;
			children = (
				0DC1A1E924DA166800537540 /* MercadoLibreURLWorker.swift */,
			);
			path = "URL Handler";
			sourceTree = "<group>";
		};
		0DC1A1ED24DA1AF300537540 /* SetupRequest */ = {
			isa = PBXGroup;
			children = (
				0DC1A1EE24DA1B5000537540 /* SetupRequestWorker.swift */,
			);
			path = SetupRequest;
			sourceTree = "<group>";
		};
		0DC1A1F024DA1BD100537540 /* Util */ = {
			isa = PBXGroup;
			children = (
				0D35E09526D0A3C200E6E587 /* Test */,
				0DEB0A5324DB1BD200589111 /* CheckInternet.swift */,
				0DA7863C26CDBBD4005F90E3 /* Localizator.swift */,
				0DEB0A5124DB033D00589111 /* StringExtensions.swift */,
				0DC1A1F324DA1C0200537540 /* URLSessionDataTaskExtensions.swift */,
				0DC1A1FF24DA5E4B00537540 /* URLSessionDataTaskMock.swift */,
				0DC1A1F124DA1BDA00537540 /* URLSessionExtensions.swift */,
				0DC1A1FD24DA5DA400537540 /* URLSessionMock.swift */,
			);
			path = Util;
			sourceTree = "<group>";
		};
		58382DFDDAC06E0A3D794EEE /* Pods */ = {
			isa = PBXGroup;
			children = (
				3C7EE8B2094A4A45D330110E /* Pods-MercadoLibreApp.debug.xcconfig */,
				331C9AD27504D66118ED1948 /* Pods-MercadoLibreApp.release.xcconfig */,
				F76D5949CF0503E496C5998F /* Pods-MercadoLibreApp-MercadoLibreAppUITests.debug.xcconfig */,
				83BA67CBFBE650BBFCF44BBA /* Pods-MercadoLibreApp-MercadoLibreAppUITests.release.xcconfig */,
				A4882CB77895BD45021F80B4 /* Pods-MercadoLibreAppTests.debug.xcconfig */,
				6D1FAA13D4A9CFB13A659AB0 /* Pods-MercadoLibreAppTests.release.xcconfig */,
			);
			path = Pods;
			sourceTree = "<group>";
		};
		F912C125A1872A5D7C0B8E33 /* Frameworks */ = {
			isa = PBXGroup;
			children = (
				ABDE8EE5A1D3C3DF8207AC77 /* Pods_MercadoLibreApp.framework */,
				19FA6021E34ED94E738CD1DF /* Pods_MercadoLibreApp_MercadoLibreAppUITests.framework */,
				1350D5BD2199E621D27A49A2 /* Pods_MercadoLibreAppTests.framework */,
			);
			name = Frameworks;
			sourceTree = "<group>";
		};
/* End PBXGroup section */

/* Begin PBXNativeTarget section */
		0DA557B824D9F9E500DB518A /* MercadoLibreApp */ = {
			isa = PBXNativeTarget;
			buildConfigurationList = 0DA557E324D9F9E700DB518A /* Build configuration list for PBXNativeTarget "MercadoLibreApp" */;
			buildPhases = (
				4C54E28341C753316955E8E8 /* [CP] Check Pods Manifest.lock */,
				0DA557B524D9F9E500DB518A /* Sources */,
				0DA557B624D9F9E500DB518A /* Frameworks */,
				0DA557B724D9F9E500DB518A /* Resources */,
				0DC19E4626D09462002F9082 /* SwiftLint */,
			);
			buildRules = (
			);
			dependencies = (
			);
			name = MercadoLibreApp;
			productName = MercadoLibreApp;
			productReference = 0DA557B924D9F9E600DB518A /* MercadoLibreApp.app */;
			productType = "com.apple.product-type.application";
		};
		0DA557CE24D9F9E700DB518A /* MercadoLibreAppTests */ = {
			isa = PBXNativeTarget;
			buildConfigurationList = 0DA557E624D9F9E700DB518A /* Build configuration list for PBXNativeTarget "MercadoLibreAppTests" */;
			buildPhases = (
				DC42650B99A1DDC32D5813F9 /* [CP] Check Pods Manifest.lock */,
				0DA557CB24D9F9E700DB518A /* Sources */,
				0DA557CC24D9F9E700DB518A /* Frameworks */,
				0DA557CD24D9F9E700DB518A /* Resources */,
			);
			buildRules = (
			);
			dependencies = (
				0DA557D124D9F9E700DB518A /* PBXTargetDependency */,
			);
			name = MercadoLibreAppTests;
			productName = MercadoLibreAppTests;
			productReference = 0DA557CF24D9F9E700DB518A /* MercadoLibreAppTests.xctest */;
			productType = "com.apple.product-type.bundle.unit-test";
		};
		0DA557D924D9F9E700DB518A /* MercadoLibreAppUITests */ = {
			isa = PBXNativeTarget;
			buildConfigurationList = 0DA557E924D9F9E700DB518A /* Build configuration list for PBXNativeTarget "MercadoLibreAppUITests" */;
			buildPhases = (
				29714A62A6DE7E2B1F4352A9 /* [CP] Check Pods Manifest.lock */,
				0DA557D624D9F9E700DB518A /* Sources */,
				0DA557D724D9F9E700DB518A /* Frameworks */,
				0DA557D824D9F9E700DB518A /* Resources */,
			);
			buildRules = (
			);
			dependencies = (
				0DA557DC24D9F9E700DB518A /* PBXTargetDependency */,
			);
			name = MercadoLibreAppUITests;
			productName = MercadoLibreAppUITests;
			productReference = 0DA557DA24D9F9E700DB518A /* MercadoLibreAppUITests.xctest */;
			productType = "com.apple.product-type.bundle.ui-testing";
		};
/* End PBXNativeTarget section */

/* Begin PBXProject section */
		0DA557B124D9F9E500DB518A /* Project object */ = {
			isa = PBXProject;
			attributes = {
				LastSwiftUpdateCheck = 1160;
				LastUpgradeCheck = 1250;
				ORGANIZATIONNAME = "Javier Susa";
				TargetAttributes = {
					0DA557B824D9F9E500DB518A = {
						CreatedOnToolsVersion = 11.6;
					};
					0DA557CE24D9F9E700DB518A = {
						CreatedOnToolsVersion = 11.6;
						TestTargetID = 0DA557B824D9F9E500DB518A;
					};
					0DA557D924D9F9E700DB518A = {
						CreatedOnToolsVersion = 11.6;
						TestTargetID = 0DA557B824D9F9E500DB518A;
					};
				};
			};
			buildConfigurationList = 0DA557B424D9F9E500DB518A /* Build configuration list for PBXProject "MercadoLibreApp" */;
			compatibilityVersion = "Xcode 9.3";
			developmentRegion = en;
			hasScannedForEncodings = 0;
			knownRegions = (
				en,
				Base,
				"es-419",
			);
			mainGroup = 0DA557B024D9F9E500DB518A;
			productRefGroup = 0DA557BA24D9F9E600DB518A /* Products */;
			projectDirPath = "";
			projectRoot = "";
			targets = (
				0DA557B824D9F9E500DB518A /* MercadoLibreApp */,
				0DA557CE24D9F9E700DB518A /* MercadoLibreAppTests */,
				0DA557D924D9F9E700DB518A /* MercadoLibreAppUITests */,
			);
		};
/* End PBXProject section */

/* Begin PBXResourcesBuildPhase section */
		0DA557B724D9F9E500DB518A /* Resources */ = {
			isa = PBXResourcesBuildPhase;
			buildActionMask = 2147483647;
			files = (
				0DA7863726CDBA38005F90E3 /* Localizable.strings in Resources */,
				0DA557C924D9F9E600DB518A /* LaunchScreen.storyboard in Resources */,
				0DA557C624D9F9E600DB518A /* Preview Assets.xcassets in Resources */,
				0DA557C324D9F9E600DB518A /* Assets.xcassets in Resources */,
			);
			runOnlyForDeploymentPostprocessing = 0;
		};
		0DA557CD24D9F9E700DB518A /* Resources */ = {
			isa = PBXResourcesBuildPhase;
			buildActionMask = 2147483647;
			files = (
			);
			runOnlyForDeploymentPostprocessing = 0;
		};
		0DA557D824D9F9E700DB518A /* Resources */ = {
			isa = PBXResourcesBuildPhase;
			buildActionMask = 2147483647;
			files = (
			);
			runOnlyForDeploymentPostprocessing = 0;
		};
/* End PBXResourcesBuildPhase section */

/* Begin PBXShellScriptBuildPhase section */
		0DC19E4626D09462002F9082 /* SwiftLint */ = {
			isa = PBXShellScriptBuildPhase;
			buildActionMask = 2147483647;
			files = (
			);
			inputFileListPaths = (
			);
			inputPaths = (
			);
			name = SwiftLint;
			outputFileListPaths = (
			);
			outputPaths = (
			);
			runOnlyForDeploymentPostprocessing = 0;
			shellPath = /bin/sh;
			shellScript = "# Type a script or drag a script file from your workspace to insert its path.\n${PODS_ROOT}/SwiftLint/swiftlint\n";
		};
		29714A62A6DE7E2B1F4352A9 /* [CP] Check Pods Manifest.lock */ = {
			isa = PBXShellScriptBuildPhase;
			buildActionMask = 2147483647;
			files = (
			);
			inputFileListPaths = (
			);
			inputPaths = (
				"${PODS_PODFILE_DIR_PATH}/Podfile.lock",
				"${PODS_ROOT}/Manifest.lock",
			);
			name = "[CP] Check Pods Manifest.lock";
			outputFileListPaths = (
			);
			outputPaths = (
				"$(DERIVED_FILE_DIR)/Pods-MercadoLibreApp-MercadoLibreAppUITests-checkManifestLockResult.txt",
			);
			runOnlyForDeploymentPostprocessing = 0;
			shellPath = /bin/sh;
			shellScript = "diff \"${PODS_PODFILE_DIR_PATH}/Podfile.lock\" \"${PODS_ROOT}/Manifest.lock\" > /dev/null\nif [ $? != 0 ] ; then\n    # print error to STDERR\n    echo \"error: The sandbox is not in sync with the Podfile.lock. Run 'pod install' or update your CocoaPods installation.\" >&2\n    exit 1\nfi\n# This output is used by Xcode 'outputs' to avoid re-running this script phase.\necho \"SUCCESS\" > \"${SCRIPT_OUTPUT_FILE_0}\"\n";
			showEnvVarsInLog = 0;
		};
		4C54E28341C753316955E8E8 /* [CP] Check Pods Manifest.lock */ = {
			isa = PBXShellScriptBuildPhase;
			buildActionMask = 2147483647;
			files = (
			);
			inputFileListPaths = (
			);
			inputPaths = (
				"${PODS_PODFILE_DIR_PATH}/Podfile.lock",
				"${PODS_ROOT}/Manifest.lock",
			);
			name = "[CP] Check Pods Manifest.lock";
			outputFileListPaths = (
			);
			outputPaths = (
				"$(DERIVED_FILE_DIR)/Pods-MercadoLibreApp-checkManifestLockResult.txt",
			);
			runOnlyForDeploymentPostprocessing = 0;
			shellPath = /bin/sh;
			shellScript = "diff \"${PODS_PODFILE_DIR_PATH}/Podfile.lock\" \"${PODS_ROOT}/Manifest.lock\" > /dev/null\nif [ $? != 0 ] ; then\n    # print error to STDERR\n    echo \"error: The sandbox is not in sync with the Podfile.lock. Run 'pod install' or update your CocoaPods installation.\" >&2\n    exit 1\nfi\n# This output is used by Xcode 'outputs' to avoid re-running this script phase.\necho \"SUCCESS\" > \"${SCRIPT_OUTPUT_FILE_0}\"\n";
			showEnvVarsInLog = 0;
		};
		DC42650B99A1DDC32D5813F9 /* [CP] Check Pods Manifest.lock */ = {
			isa = PBXShellScriptBuildPhase;
			buildActionMask = 2147483647;
			files = (
			);
			inputFileListPaths = (
			);
			inputPaths = (
				"${PODS_PODFILE_DIR_PATH}/Podfile.lock",
				"${PODS_ROOT}/Manifest.lock",
			);
			name = "[CP] Check Pods Manifest.lock";
			outputFileListPaths = (
			);
			outputPaths = (
				"$(DERIVED_FILE_DIR)/Pods-MercadoLibreAppTests-checkManifestLockResult.txt",
			);
			runOnlyForDeploymentPostprocessing = 0;
			shellPath = /bin/sh;
			shellScript = "diff \"${PODS_PODFILE_DIR_PATH}/Podfile.lock\" \"${PODS_ROOT}/Manifest.lock\" > /dev/null\nif [ $? != 0 ] ; then\n    # print error to STDERR\n    echo \"error: The sandbox is not in sync with the Podfile.lock. Run 'pod install' or update your CocoaPods installation.\" >&2\n    exit 1\nfi\n# This output is used by Xcode 'outputs' to avoid re-running this script phase.\necho \"SUCCESS\" > \"${SCRIPT_OUTPUT_FILE_0}\"\n";
			showEnvVarsInLog = 0;
		};
/* End PBXShellScriptBuildPhase section */

/* Begin PBXSourcesBuildPhase section */
		0DA557B524D9F9E500DB518A /* Sources */ = {
			isa = PBXSourcesBuildPhase;
			buildActionMask = 2147483647;
			files = (
				0D35E09726D0A3DD00E6E587 /* MockProductsTest.swift in Sources */,
				0DA7866526CF507B005F90E3 /* MercadoLibreWorkerProtocol.swift in Sources */,
				0DC1A1DE24DA0B5700537540 /* ListView.swift in Sources */,
				0DA7866026CF0427005F90E3 /* ProductSearchUseCase.swift in Sources */,
				0DC1A1E124DA0D5000537540 /* DetailsView.swift in Sources */,
				0DA7865126CE0FDA005F90E3 /* SearchPresenter.swift in Sources */,
				0DA7864E26CE048C005F90E3 /* SearchViewModelProtocol.swift in Sources */,
				0DC1A1FE24DA5DA400537540 /* URLSessionMock.swift in Sources */,
				0DC1A1F224DA1BDA00537540 /* URLSessionExtensions.swift in Sources */,
				0DA557BD24D9F9E600DB518A /* AppDelegate.swift in Sources */,
				0DA7866226CF0464005F90E3 /* ProductSearchUseCaseProtocol.swift in Sources */,
				0DEB0A5424DB1BD200589111 /* CheckInternet.swift in Sources */,
				0DA557BF24D9F9E600DB518A /* SceneDelegate.swift in Sources */,
				0DA7865A26CEFFC9005F90E3 /* ListPresenter.swift in Sources */,
				0DC1A1F624DA2FC100537540 /* DownloadImageWorker.swift in Sources */,
				0DEB0A5224DB033D00589111 /* StringExtensions.swift in Sources */,
				0DC1A20024DA5E4B00537540 /* URLSessionDataTaskMock.swift in Sources */,
				0DA7865326CE115B005F90E3 /* SearchPresenterFactory.swift in Sources */,
				0DC1A1F424DA1C0200537540 /* URLSessionDataTaskExtensions.swift in Sources */,
				0DC1A1EA24DA166800537540 /* MercadoLibreURLWorker.swift in Sources */,
				0DC1A1EF24DA1B5000537540 /* SetupRequestWorker.swift in Sources */,
				0DC1A1E424DA136000537540 /* MercadoLibreWorker.swift in Sources */,
				0DA7866726CF50C2005F90E3 /* DownloadImageWorkerProtocol.swift in Sources */,
				0DA7864C26CDE9B0005F90E3 /* SearchViewModel.swift in Sources */,
				0DA557C124D9F9E600DB518A /* SearchView.swift in Sources */,
				0DA7864126CDC7E1005F90E3 /* CellView.swift in Sources */,
				0DA7863D26CDBBD4005F90E3 /* Localizator.swift in Sources */,
				0DA7865C26CF0058005F90E3 /* ListPresenterFactory.swift in Sources */,
				0DC1A1E724DA144E00537540 /* Product.swift in Sources */,
			);
			runOnlyForDeploymentPostprocessing = 0;
		};
		0DA557CB24D9F9E700DB518A /* Sources */ = {
			isa = PBXSourcesBuildPhase;
			buildActionMask = 2147483647;
			files = (
				0DA557D424D9F9E700DB518A /* MercadoLibreAppTests01.swift in Sources */,
			);
			runOnlyForDeploymentPostprocessing = 0;
		};
		0DA557D624D9F9E700DB518A /* Sources */ = {
			isa = PBXSourcesBuildPhase;
			buildActionMask = 2147483647;
			files = (
				0DA557DF24D9F9E700DB518A /* MercadoLibreAppUITests.swift in Sources */,
			);
			runOnlyForDeploymentPostprocessing = 0;
		};
/* End PBXSourcesBuildPhase section */

/* Begin PBXTargetDependency section */
		0DA557D124D9F9E700DB518A /* PBXTargetDependency */ = {
			isa = PBXTargetDependency;
			target = 0DA557B824D9F9E500DB518A /* MercadoLibreApp */;
			targetProxy = 0DA557D024D9F9E700DB518A /* PBXContainerItemProxy */;
		};
		0DA557DC24D9F9E700DB518A /* PBXTargetDependency */ = {
			isa = PBXTargetDependency;
			target = 0DA557B824D9F9E500DB518A /* MercadoLibreApp */;
			targetProxy = 0DA557DB24D9F9E700DB518A /* PBXContainerItemProxy */;
		};
/* End PBXTargetDependency section */

/* Begin PBXVariantGroup section */
		0DA557C724D9F9E600DB518A /* LaunchScreen.storyboard */ = {
			isa = PBXVariantGroup;
			children = (
				0DA557C824D9F9E600DB518A /* Base */,
			);
			name = LaunchScreen.storyboard;
			sourceTree = "<group>";
		};
		0DA7863926CDBA38005F90E3 /* Localizable.strings */ = {
			isa = PBXVariantGroup;
			children = (
				0DA7863826CDBA38005F90E3 /* en */,
				0DA7863F26CDBD1B005F90E3 /* es-419 */,
			);
			name = Localizable.strings;
			sourceTree = "<group>";
		};
/* End PBXVariantGroup section */

/* Begin XCBuildConfiguration section */
		0DA557E124D9F9E700DB518A /* Debug */ = {
			isa = XCBuildConfiguration;
			baseConfigurationReference = 0DC1A1EC24DA187800537540 /* Release.xcconfig */;
			buildSettings = {
				ALWAYS_SEARCH_USER_PATHS = NO;
				CLANG_ANALYZER_LOCALIZABILITY_NONLOCALIZED = YES;
				CLANG_ANALYZER_NONNULL = YES;
				CLANG_ANALYZER_NUMBER_OBJECT_CONVERSION = YES_AGGRESSIVE;
				CLANG_CXX_LANGUAGE_STANDARD = "gnu++14";
				CLANG_CXX_LIBRARY = "libc++";
				CLANG_ENABLE_MODULES = YES;
				CLANG_ENABLE_OBJC_ARC = YES;
				CLANG_ENABLE_OBJC_WEAK = YES;
				CLANG_WARN_BLOCK_CAPTURE_AUTORELEASING = YES;
				CLANG_WARN_BOOL_CONVERSION = YES;
				CLANG_WARN_COMMA = YES;
				CLANG_WARN_CONSTANT_CONVERSION = YES;
				CLANG_WARN_DEPRECATED_OBJC_IMPLEMENTATIONS = YES;
				CLANG_WARN_DIRECT_OBJC_ISA_USAGE = YES_ERROR;
				CLANG_WARN_DOCUMENTATION_COMMENTS = YES;
				CLANG_WARN_EMPTY_BODY = YES;
				CLANG_WARN_ENUM_CONVERSION = YES;
				CLANG_WARN_INFINITE_RECURSION = YES;
				CLANG_WARN_INT_CONVERSION = YES;
				CLANG_WARN_NON_LITERAL_NULL_CONVERSION = YES;
				CLANG_WARN_OBJC_IMPLICIT_RETAIN_SELF = YES;
				CLANG_WARN_OBJC_LITERAL_CONVERSION = YES;
				CLANG_WARN_OBJC_ROOT_CLASS = YES_ERROR;
				CLANG_WARN_QUOTED_INCLUDE_IN_FRAMEWORK_HEADER = YES;
				CLANG_WARN_RANGE_LOOP_ANALYSIS = YES;
				CLANG_WARN_STRICT_PROTOTYPES = YES;
				CLANG_WARN_SUSPICIOUS_MOVE = YES;
				CLANG_WARN_UNGUARDED_AVAILABILITY = YES_AGGRESSIVE;
				CLANG_WARN_UNREACHABLE_CODE = YES;
				CLANG_WARN__DUPLICATE_METHOD_MATCH = YES;
				COPY_PHASE_STRIP = NO;
				DEBUG_INFORMATION_FORMAT = dwarf;
				ENABLE_STRICT_OBJC_MSGSEND = YES;
				ENABLE_TESTABILITY = YES;
				GCC_C_LANGUAGE_STANDARD = gnu11;
				GCC_DYNAMIC_NO_PIC = NO;
				GCC_NO_COMMON_BLOCKS = YES;
				GCC_OPTIMIZATION_LEVEL = 0;
				GCC_PREPROCESSOR_DEFINITIONS = (
					"DEBUG=1",
					"$(inherited)",
				);
				GCC_WARN_64_TO_32_BIT_CONVERSION = YES;
				GCC_WARN_ABOUT_RETURN_TYPE = YES_ERROR;
				GCC_WARN_UNDECLARED_SELECTOR = YES;
				GCC_WARN_UNINITIALIZED_AUTOS = YES_AGGRESSIVE;
				GCC_WARN_UNUSED_FUNCTION = YES;
				GCC_WARN_UNUSED_VARIABLE = YES;
				IPHONEOS_DEPLOYMENT_TARGET = 14.5;
				MTL_ENABLE_DEBUG_INFO = INCLUDE_SOURCE;
				MTL_FAST_MATH = YES;
				ONLY_ACTIVE_ARCH = YES;
				SDKROOT = iphoneos;
				SWIFT_ACTIVE_COMPILATION_CONDITIONS = DEBUG;
				SWIFT_OPTIMIZATION_LEVEL = "-Onone";
			};
			name = Debug;
		};
		0DA557E224D9F9E700DB518A /* Release */ = {
			isa = XCBuildConfiguration;
			baseConfigurationReference = 0DC1A1EC24DA187800537540 /* Release.xcconfig */;
			buildSettings = {
				ALWAYS_SEARCH_USER_PATHS = NO;
				CLANG_ANALYZER_LOCALIZABILITY_NONLOCALIZED = YES;
				CLANG_ANALYZER_NONNULL = YES;
				CLANG_ANALYZER_NUMBER_OBJECT_CONVERSION = YES_AGGRESSIVE;
				CLANG_CXX_LANGUAGE_STANDARD = "gnu++14";
				CLANG_CXX_LIBRARY = "libc++";
				CLANG_ENABLE_MODULES = YES;
				CLANG_ENABLE_OBJC_ARC = YES;
				CLANG_ENABLE_OBJC_WEAK = YES;
				CLANG_WARN_BLOCK_CAPTURE_AUTORELEASING = YES;
				CLANG_WARN_BOOL_CONVERSION = YES;
				CLANG_WARN_COMMA = YES;
				CLANG_WARN_CONSTANT_CONVERSION = YES;
				CLANG_WARN_DEPRECATED_OBJC_IMPLEMENTATIONS = YES;
				CLANG_WARN_DIRECT_OBJC_ISA_USAGE = YES_ERROR;
				CLANG_WARN_DOCUMENTATION_COMMENTS = YES;
				CLANG_WARN_EMPTY_BODY = YES;
				CLANG_WARN_ENUM_CONVERSION = YES;
				CLANG_WARN_INFINITE_RECURSION = YES;
				CLANG_WARN_INT_CONVERSION = YES;
				CLANG_WARN_NON_LITERAL_NULL_CONVERSION = YES;
				CLANG_WARN_OBJC_IMPLICIT_RETAIN_SELF = YES;
				CLANG_WARN_OBJC_LITERAL_CONVERSION = YES;
				CLANG_WARN_OBJC_ROOT_CLASS = YES_ERROR;
				CLANG_WARN_QUOTED_INCLUDE_IN_FRAMEWORK_HEADER = YES;
				CLANG_WARN_RANGE_LOOP_ANALYSIS = YES;
				CLANG_WARN_STRICT_PROTOTYPES = YES;
				CLANG_WARN_SUSPICIOUS_MOVE = YES;
				CLANG_WARN_UNGUARDED_AVAILABILITY = YES_AGGRESSIVE;
				CLANG_WARN_UNREACHABLE_CODE = YES;
				CLANG_WARN__DUPLICATE_METHOD_MATCH = YES;
				COPY_PHASE_STRIP = NO;
				DEBUG_INFORMATION_FORMAT = "dwarf-with-dsym";
				ENABLE_NS_ASSERTIONS = NO;
				ENABLE_STRICT_OBJC_MSGSEND = YES;
				GCC_C_LANGUAGE_STANDARD = gnu11;
				GCC_NO_COMMON_BLOCKS = YES;
				GCC_WARN_64_TO_32_BIT_CONVERSION = YES;
				GCC_WARN_ABOUT_RETURN_TYPE = YES_ERROR;
				GCC_WARN_UNDECLARED_SELECTOR = YES;
				GCC_WARN_UNINITIALIZED_AUTOS = YES_AGGRESSIVE;
				GCC_WARN_UNUSED_FUNCTION = YES;
				GCC_WARN_UNUSED_VARIABLE = YES;
				IPHONEOS_DEPLOYMENT_TARGET = 14.5;
				MTL_ENABLE_DEBUG_INFO = NO;
				MTL_FAST_MATH = YES;
				SDKROOT = iphoneos;
				SWIFT_COMPILATION_MODE = wholemodule;
				SWIFT_OPTIMIZATION_LEVEL = "-O";
				VALIDATE_PRODUCT = YES;
			};
			name = Release;
		};
		0DA557E424D9F9E700DB518A /* Debug */ = {
			isa = XCBuildConfiguration;
			baseConfigurationReference = 3C7EE8B2094A4A45D330110E /* Pods-MercadoLibreApp.debug.xcconfig */;
			buildSettings = {
				ASSETCATALOG_COMPILER_APPICON_NAME = AppIcon;
				CODE_SIGN_STYLE = Automatic;
				DEVELOPMENT_ASSET_PATHS = "\"MercadoLibreApp/Preview Content\"";
				DEVELOPMENT_TEAM = FZ3FV7JF94;
				ENABLE_PREVIEWS = YES;
				INFOPLIST_FILE = MercadoLibreApp/Info.plist;
				IPHONEOS_DEPLOYMENT_TARGET = 14.5;
				LD_RUNPATH_SEARCH_PATHS = (
					"$(inherited)",
					"@executable_path/Frameworks",
				);
				PRODUCT_BUNDLE_IDENTIFIER = com.Javier.Susa.MercadoLibreApp;
				PRODUCT_NAME = "$(TARGET_NAME)";
				SWIFT_VERSION = 5.0;
				TARGETED_DEVICE_FAMILY = "1,2";
			};
			name = Debug;
		};
		0DA557E524D9F9E700DB518A /* Release */ = {
			isa = XCBuildConfiguration;
			baseConfigurationReference = 331C9AD27504D66118ED1948 /* Pods-MercadoLibreApp.release.xcconfig */;
			buildSettings = {
				ASSETCATALOG_COMPILER_APPICON_NAME = AppIcon;
				CODE_SIGN_STYLE = Automatic;
				DEVELOPMENT_ASSET_PATHS = "\"MercadoLibreApp/Preview Content\"";
				DEVELOPMENT_TEAM = FZ3FV7JF94;
				ENABLE_PREVIEWS = YES;
				INFOPLIST_FILE = MercadoLibreApp/Info.plist;
				IPHONEOS_DEPLOYMENT_TARGET = 14.5;
				LD_RUNPATH_SEARCH_PATHS = (
					"$(inherited)",
					"@executable_path/Frameworks",
				);
				PRODUCT_BUNDLE_IDENTIFIER = com.Javier.Susa.MercadoLibreApp;
				PRODUCT_NAME = "$(TARGET_NAME)";
				SWIFT_VERSION = 5.0;
				TARGETED_DEVICE_FAMILY = "1,2";
			};
			name = Release;
		};
		0DA557E724D9F9E700DB518A /* Debug */ = {
			isa = XCBuildConfiguration;
			baseConfigurationReference = A4882CB77895BD45021F80B4 /* Pods-MercadoLibreAppTests.debug.xcconfig */;
			buildSettings = {
				ALWAYS_EMBED_SWIFT_STANDARD_LIBRARIES = YES;
				BUNDLE_LOADER = "$(TEST_HOST)";
				CODE_SIGN_STYLE = Automatic;
				DEVELOPMENT_TEAM = FZ3FV7JF94;
				INFOPLIST_FILE = MercadoLibreAppTests/Info.plist;
				IPHONEOS_DEPLOYMENT_TARGET = 14.5;
				LD_RUNPATH_SEARCH_PATHS = (
					"$(inherited)",
					"@executable_path/Frameworks",
					"@loader_path/Frameworks",
				);
				PRODUCT_BUNDLE_IDENTIFIER = com.Javier.Susa.MercadoLibreAppTests;
				PRODUCT_NAME = "$(TARGET_NAME)";
				SWIFT_VERSION = 5.0;
				TARGETED_DEVICE_FAMILY = "1,2";
				TEST_HOST = "$(BUILT_PRODUCTS_DIR)/MercadoLibreApp.app/MercadoLibreApp";
			};
			name = Debug;
		};
		0DA557E824D9F9E700DB518A /* Release */ = {
			isa = XCBuildConfiguration;
			baseConfigurationReference = 6D1FAA13D4A9CFB13A659AB0 /* Pods-MercadoLibreAppTests.release.xcconfig */;
			buildSettings = {
				ALWAYS_EMBED_SWIFT_STANDARD_LIBRARIES = YES;
				BUNDLE_LOADER = "$(TEST_HOST)";
				CODE_SIGN_STYLE = Automatic;
				DEVELOPMENT_TEAM = FZ3FV7JF94;
				INFOPLIST_FILE = MercadoLibreAppTests/Info.plist;
				IPHONEOS_DEPLOYMENT_TARGET = 14.5;
				LD_RUNPATH_SEARCH_PATHS = (
					"$(inherited)",
					"@executable_path/Frameworks",
					"@loader_path/Frameworks",
				);
				PRODUCT_BUNDLE_IDENTIFIER = com.Javier.Susa.MercadoLibreAppTests;
				PRODUCT_NAME = "$(TARGET_NAME)";
				SWIFT_VERSION = 5.0;
				TARGETED_DEVICE_FAMILY = "1,2";
				TEST_HOST = "$(BUILT_PRODUCTS_DIR)/MercadoLibreApp.app/MercadoLibreApp";
			};
			name = Release;
		};
		0DA557EA24D9F9E700DB518A /* Debug */ = {
			isa = XCBuildConfiguration;
			baseConfigurationReference = F76D5949CF0503E496C5998F /* Pods-MercadoLibreApp-MercadoLibreAppUITests.debug.xcconfig */;
			buildSettings = {
				ALWAYS_EMBED_SWIFT_STANDARD_LIBRARIES = YES;
				CODE_SIGN_STYLE = Automatic;
				DEVELOPMENT_TEAM = FZ3FV7JF94;
				INFOPLIST_FILE = MercadoLibreAppUITests/Info.plist;
				LD_RUNPATH_SEARCH_PATHS = (
					"$(inherited)",
					"@executable_path/Frameworks",
					"@loader_path/Frameworks",
				);
				PRODUCT_BUNDLE_IDENTIFIER = com.Javier.Susa.MercadoLibreAppUITests;
				PRODUCT_NAME = "$(TARGET_NAME)";
				SWIFT_VERSION = 5.0;
				TARGETED_DEVICE_FAMILY = "1,2";
				TEST_TARGET_NAME = MercadoLibreApp;
			};
			name = Debug;
		};
		0DA557EB24D9F9E700DB518A /* Release */ = {
			isa = XCBuildConfiguration;
			baseConfigurationReference = 83BA67CBFBE650BBFCF44BBA /* Pods-MercadoLibreApp-MercadoLibreAppUITests.release.xcconfig */;
			buildSettings = {
				ALWAYS_EMBED_SWIFT_STANDARD_LIBRARIES = YES;
				CODE_SIGN_STYLE = Automatic;
				DEVELOPMENT_TEAM = FZ3FV7JF94;
				INFOPLIST_FILE = MercadoLibreAppUITests/Info.plist;
				LD_RUNPATH_SEARCH_PATHS = (
					"$(inherited)",
					"@executable_path/Frameworks",
					"@loader_path/Frameworks",
				);
				PRODUCT_BUNDLE_IDENTIFIER = com.Javier.Susa.MercadoLibreAppUITests;
				PRODUCT_NAME = "$(TARGET_NAME)";
				SWIFT_VERSION = 5.0;
				TARGETED_DEVICE_FAMILY = "1,2";
				TEST_TARGET_NAME = MercadoLibreApp;
			};
			name = Release;
		};
/* End XCBuildConfiguration section */

/* Begin XCConfigurationList section */
		0DA557B424D9F9E500DB518A /* Build configuration list for PBXProject "MercadoLibreApp" */ = {
			isa = XCConfigurationList;
			buildConfigurations = (
				0DA557E124D9F9E700DB518A /* Debug */,
				0DA557E224D9F9E700DB518A /* Release */,
			);
			defaultConfigurationIsVisible = 0;
			defaultConfigurationName = Release;
		};
		0DA557E324D9F9E700DB518A /* Build configuration list for PBXNativeTarget "MercadoLibreApp" */ = {
			isa = XCConfigurationList;
			buildConfigurations = (
				0DA557E424D9F9E700DB518A /* Debug */,
				0DA557E524D9F9E700DB518A /* Release */,
			);
			defaultConfigurationIsVisible = 0;
			defaultConfigurationName = Release;
		};
		0DA557E624D9F9E700DB518A /* Build configuration list for PBXNativeTarget "MercadoLibreAppTests" */ = {
			isa = XCConfigurationList;
			buildConfigurations = (
				0DA557E724D9F9E700DB518A /* Debug */,
				0DA557E824D9F9E700DB518A /* Release */,
			);
			defaultConfigurationIsVisible = 0;
			defaultConfigurationName = Release;
		};
		0DA557E924D9F9E700DB518A /* Build configuration list for PBXNativeTarget "MercadoLibreAppUITests" */ = {
			isa = XCConfigurationList;
			buildConfigurations = (
				0DA557EA24D9F9E700DB518A /* Debug */,
				0DA557EB24D9F9E700DB518A /* Release */,
			);
			defaultConfigurationIsVisible = 0;
			defaultConfigurationName = Release;
		};
/* End XCConfigurationList section */
	};
	rootObject = 0DA557B124D9F9E500DB518A /* Project object */;
}
